
Microsoft Visual Studio Solution File, Format Version 12.00
# Visual Studio Version 17
VisualStudioVersion = 17.8.34330.188
MinimumVisualStudioVersion = 10.0.40219.1
Project("{FAE04EC0-301F-11D3-BF4B-00C04F79EFBC}") = "eTickets", "eTickets\eTickets.csproj", "{F76161ED-87FF-4D7F-8ECB-75EC316131CC}"
EndProject
Global
	GlobalSection(SolutionConfigurationPlatforms) = preSolution
		Debug|Any CPU = Debug|Any CPU
		Release|Any CPU = Release|Any CPU
	EndGlobalSection
	GlobalSection(ProjectConfigurationPlatforms) = postSolution
		{F76161ED-87FF-4D7F-8ECB-75EC316131CC}.Debug|Any CPU.ActiveCfg = Debug|Any CPU
		{F76161ED-87FF-4D7F-8ECB-75EC316131CC}.Debug|Any CPU.Build.0 = Debug|Any CPU
		{F76161ED-87FF-4D7F-8ECB-75EC316131CC}.Release|Any CPU.ActiveCfg = Release|Any CPU
		{F76161ED-87FF-4D7F-8ECB-75EC316131CC}.Release|Any CPU.Build.0 = Release|Any CPU
	EndGlobalSection
	GlobalSection(SolutionProperties) = preSolution
		HideSolutionNode = FALSE
	EndGlobalSection
	GlobalSection(ExtensibilityGlobals) = postSolution
		SolutionGuid = {87F02498-74F4-44C1-ADC4-FE2AF71DA7B2}
	EndGlobalSection
EndGlobal
